
Microsoft Visual Studio Solution File, Format Version 12.00
# Visual Studio Version 17
VisualStudioVersion = 17.8.34330.188
MinimumVisualStudioVersion = 10.0.40219.1
Project("{9A19103F-16F7-4668-BE54-9A1E7A4F7556}") = "CleanArchitecture.API", "CleanArchitecture.API\CleanArchitecture.API.csproj", "{44E2EAAD-0B24-443A-A48D-DF8117A22719}"
EndProject
Project("{9A19103F-16F7-4668-BE54-9A1E7A4F7556}") = "CleanArchitecture.Domain", "CleanArchitecture.Domain\CleanArchitecture.Domain.csproj", "{A17191FA-E37F-4FA4-8C01-2A2B89AF5034}"
EndProject
Project("{9A19103F-16F7-4668-BE54-9A1E7A4F7556}") = "CleanArchitecture.Application", "CleanArchitecture.Application\CleanArchitecture.Application.csproj", "{66609CA6-175F-4B51-BA50-8A8724AA6AB2}"
EndProject
Project("{9A19103F-16F7-4668-BE54-9A1E7A4F7556}") = "CleanArchitecture.Infra", "CleanArchitecture.Infra\CleanArchitecture.Infra.csproj", "{3EAFE5EB-1FB3-4372-8FED-1DC27631F9F3}"
EndProject
Project("{2150E333-8FDC-42A3-9474-1A3956D46DE8}") = "Shared", "Shared", "{D52AD97F-0D53-410F-845A-C5C9B8612049}"
EndProject
Project("{2150E333-8FDC-42A3-9474-1A3956D46DE8}") = "Common", "Common", "{BC52530C-B518-4071-83C5-785D629AE651}"
EndProject
Project("{9A19103F-16F7-4668-BE54-9A1E7A4F7556}") = "Shared.Common", "Shared.Common\Shared.Common.csproj", "{0658F582-132B-4154-B3CF-2FBBF81FCE29}"
EndProject
Project("{9A19103F-16F7-4668-BE54-9A1E7A4F7556}") = "Shared.Common.DefaultUserHandler", "Shared.Common.DefaultUserHandler\Shared.Common.DefaultUserHandler.csproj", "{CF1AA2A4-76D3-4A6E-A563-A40D2261A04C}"
EndProject
Project("{9A19103F-16F7-4668-BE54-9A1E7A4F7556}") = "Shared.Common.Helper", "Shared.Common.Helper\Shared.Common.Helper.csproj", "{5A256749-167D-413A-BB50-478D37515E69}"
EndProject
Project("{2150E333-8FDC-42A3-9474-1A3956D46DE8}") = "Utility", "Utility", "{D3B72DE3-9B91-41A0-862F-BA9EAFC2B816}"
EndProject
Project("{FAE04EC0-301F-11D3-BF4B-00C04F79EFBC}") = "Shared.Utility.EmailManipulator", "Shared.Utility.EmailManipulator\Shared.Utility.EmailManipulator.csproj", "{7C8707F3-A0E1-435F-B73B-CBCA4EA095C1}"
EndProject
Project("{FAE04EC0-301F-11D3-BF4B-00C04F79EFBC}") = "Shared.Utility.FileManipulator", "Shared.Utility.FileManipulator\Shared.Utility.FileManipulator.csproj", "{4FF87843-90E1-4A33-AE04-54F9723CB520}"
EndProject
Global
	GlobalSection(SolutionConfigurationPlatforms) = preSolution
		Debug|Any CPU = Debug|Any CPU
		Release|Any CPU = Release|Any CPU
	EndGlobalSection
	GlobalSection(ProjectConfigurationPlatforms) = postSolution
		{44E2EAAD-0B24-443A-A48D-DF8117A22719}.Debug|Any CPU.ActiveCfg = Debug|Any CPU
		{44E2EAAD-0B24-443A-A48D-DF8117A22719}.Debug|Any CPU.Build.0 = Debug|Any CPU
		{44E2EAAD-0B24-443A-A48D-DF8117A22719}.Release|Any CPU.ActiveCfg = Release|Any CPU
		{44E2EAAD-0B24-443A-A48D-DF8117A22719}.Release|Any CPU.Build.0 = Release|Any CPU
		{A17191FA-E37F-4FA4-8C01-2A2B89AF5034}.Debug|Any CPU.ActiveCfg = Debug|Any CPU
		{A17191FA-E37F-4FA4-8C01-2A2B89AF5034}.Debug|Any CPU.Build.0 = Debug|Any CPU
		{A17191FA-E37F-4FA4-8C01-2A2B89AF5034}.Release|Any CPU.ActiveCfg = Release|Any CPU
		{A17191FA-E37F-4FA4-8C01-2A2B89AF5034}.Release|Any CPU.Build.0 = Release|Any CPU
		{66609CA6-175F-4B51-BA50-8A8724AA6AB2}.Debug|Any CPU.ActiveCfg = Debug|Any CPU
		{66609CA6-175F-4B51-BA50-8A8724AA6AB2}.Debug|Any CPU.Build.0 = Debug|Any CPU
		{66609CA6-175F-4B51-BA50-8A8724AA6AB2}.Release|Any CPU.ActiveCfg = Release|Any CPU
		{66609CA6-175F-4B51-BA50-8A8724AA6AB2}.Release|Any CPU.Build.0 = Release|Any CPU
		{3EAFE5EB-1FB3-4372-8FED-1DC27631F9F3}.Debug|Any CPU.ActiveCfg = Debug|Any CPU
		{3EAFE5EB-1FB3-4372-8FED-1DC27631F9F3}.Debug|Any CPU.Build.0 = Debug|Any CPU
		{3EAFE5EB-1FB3-4372-8FED-1DC27631F9F3}.Release|Any CPU.ActiveCfg = Release|Any CPU
		{3EAFE5EB-1FB3-4372-8FED-1DC27631F9F3}.Release|Any CPU.Build.0 = Release|Any CPU
		{0658F582-132B-4154-B3CF-2FBBF81FCE29}.Debug|Any CPU.ActiveCfg = Debug|Any CPU
		{0658F582-132B-4154-B3CF-2FBBF81FCE29}.Debug|Any CPU.Build.0 = Debug|Any CPU
		{0658F582-132B-4154-B3CF-2FBBF81FCE29}.Release|Any CPU.ActiveCfg = Release|Any CPU
		{0658F582-132B-4154-B3CF-2FBBF81FCE29}.Release|Any CPU.Build.0 = Release|Any CPU
		{CF1AA2A4-76D3-4A6E-A563-A40D2261A04C}.Debug|Any CPU.ActiveCfg = Debug|Any CPU
		{CF1AA2A4-76D3-4A6E-A563-A40D2261A04C}.Debug|Any CPU.Build.0 = Debug|Any CPU
		{CF1AA2A4-76D3-4A6E-A563-A40D2261A04C}.Release|Any CPU.ActiveCfg = Release|Any CPU
		{CF1AA2A4-76D3-4A6E-A563-A40D2261A04C}.Release|Any CPU.Build.0 = Release|Any CPU
		{5A256749-167D-413A-BB50-478D37515E69}.Debug|Any CPU.ActiveCfg = Debug|Any CPU
		{5A256749-167D-413A-BB50-478D37515E69}.Debug|Any CPU.Build.0 = Debug|Any CPU
		{5A256749-167D-413A-BB50-478D37515E69}.Release|Any CPU.ActiveCfg = Release|Any CPU
		{5A256749-167D-413A-BB50-478D37515E69}.Release|Any CPU.Build.0 = Release|Any CPU
		{7C8707F3-A0E1-435F-B73B-CBCA4EA095C1}.Debug|Any CPU.ActiveCfg = Debug|Any CPU
		{7C8707F3-A0E1-435F-B73B-CBCA4EA095C1}.Debug|Any CPU.Build.0 = Debug|Any CPU
		{7C8707F3-A0E1-435F-B73B-CBCA4EA095C1}.Release|Any CPU.ActiveCfg = Release|Any CPU
		{7C8707F3-A0E1-435F-B73B-CBCA4EA095C1}.Release|Any CPU.Build.0 = Release|Any CPU
		{4FF87843-90E1-4A33-AE04-54F9723CB520}.Debug|Any CPU.ActiveCfg = Debug|Any CPU
		{4FF87843-90E1-4A33-AE04-54F9723CB520}.Debug|Any CPU.Build.0 = Debug|Any CPU
		{4FF87843-90E1-4A33-AE04-54F9723CB520}.Release|Any CPU.ActiveCfg = Release|Any CPU
		{4FF87843-90E1-4A33-AE04-54F9723CB520}.Release|Any CPU.Build.0 = Release|Any CPU
	EndGlobalSection
	GlobalSection(SolutionProperties) = preSolution
		HideSolutionNode = FALSE
	EndGlobalSection
	GlobalSection(NestedProjects) = preSolution
		{BC52530C-B518-4071-83C5-785D629AE651} = {D52AD97F-0D53-410F-845A-C5C9B8612049}
		{0658F582-132B-4154-B3CF-2FBBF81FCE29} = {BC52530C-B518-4071-83C5-785D629AE651}
		{CF1AA2A4-76D3-4A6E-A563-A40D2261A04C} = {BC52530C-B518-4071-83C5-785D629AE651}
		{5A256749-167D-413A-BB50-478D37515E69} = {BC52530C-B518-4071-83C5-785D629AE651}
		{D3B72DE3-9B91-41A0-862F-BA9EAFC2B816} = {D52AD97F-0D53-410F-845A-C5C9B8612049}
		{7C8707F3-A0E1-435F-B73B-CBCA4EA095C1} = {D3B72DE3-9B91-41A0-862F-BA9EAFC2B816}
		{4FF87843-90E1-4A33-AE04-54F9723CB520} = {D3B72DE3-9B91-41A0-862F-BA9EAFC2B816}
	EndGlobalSection
	GlobalSection(ExtensibilityGlobals) = postSolution
		SolutionGuid = {58239073-B577-4A5B-9254-69B4D3081BFD}
	EndGlobalSection
EndGlobal
